 
{
    "_readme": [
        "This file is auto-generated by Composer and will be managed by Railway"
    ],
    "hash": "fake",
    "content-hash": "fake",
    "packages": [],
    "packages-dev": [],
    "aliases": [],
    "minimum-stability": "stable",
    "stability-flags": {},
    "prefer-stable": true,
    "prefer-lowest": false,
    "platform": {
        "php": "^8.3"
    },
    "platform-dev": []
}